
Microsoft Visual Studio Solution File, Format Version 12.00
# Visual Studio Version 16
VisualStudioVersion = 16.0.30204.135
MinimumVisualStudioVersion = 10.0.40219.1
Project("{FAE04EC0-301F-11D3-BF4B-00C04F79EFBC}") = "MetanitLesson2.2", "MetanitLesson2.2\MetanitLesson2.2.csproj", "{DD67EE4E-7563-42B8-9674-3DD358B3E3CF}"
EndProject
Global
	GlobalSection(SolutionConfigurationPlatforms) = preSolution
		Debug|Any CPU = Debug|Any CPU
		Release|Any CPU = Release|Any CPU
	EndGlobalSection
	GlobalSection(ProjectConfigurationPlatforms) = postSolution
		{DD67EE4E-7563-42B8-9674-3DD358B3E3CF}.Debug|Any CPU.ActiveCfg = Debug|Any CPU
		{DD67EE4E-7563-42B8-9674-3DD358B3E3CF}.Debug|Any CPU.Build.0 = Debug|Any CPU
		{DD67EE4E-7563-42B8-9674-3DD358B3E3CF}.Release|Any CPU.ActiveCfg = Release|Any CPU
		{DD67EE4E-7563-42B8-9674-3DD358B3E3CF}.Release|Any CPU.Build.0 = Release|Any CPU
	EndGlobalSection
	GlobalSection(SolutionProperties) = preSolution
		HideSolutionNode = FALSE
	EndGlobalSection
	GlobalSection(ExtensibilityGlobals) = postSolution
		SolutionGuid = {92F26069-BF33-44DF-9313-C44BA3454D30}
	EndGlobalSection
EndGlobal
